
Microsoft Visual Studio Solution File, Format Version 12.00
# Visual Studio Version 16
VisualStudioVersion = 16.0.30204.135
MinimumVisualStudioVersion = 10.0.40219.1
Project("{FAE04EC0-301F-11D3-BF4B-00C04F79EFBC}") = "GmapGui", "GmapGui\GmapGui.csproj", "{ED2AB812-914D-4D9F-BA4F-4C844CECD078}"
EndProject
Project("{FAE04EC0-301F-11D3-BF4B-00C04F79EFBC}") = "AlphaScan Dynamic API", "GmapGui\Alphascan Dynamic API\AlphaScan Dynamic API.csproj", "{E04FC5BC-C37E-4148-B141-F9865F64C86C}"
EndProject
Project("{2150E333-8FDC-42A3-9474-1A3956D46DE8}") = "Default Files", "Default Files", "{344421E0-E568-4922-A10C-DF943C40FB88}"
	ProjectSection(SolutionItems) = preProject
		Default Files\BlackListedTags.txt = Default Files\BlackListedTags.txt
		Default Files\GlobalDefault.cfg = Default Files\GlobalDefault.cfg
		Default Files\GPSDefault.cfg = Default Files\GPSDefault.cfg
		Default Files\mmWaveDefault.cfg = Default Files\mmWaveDefault.cfg
		Default Files\profile.cfg = Default Files\profile.cfg
		Default Files\RFIDDefault.cfg = Default Files\RFIDDefault.cfg
	EndProjectSection
EndProject
Project("{54435603-DBB4-11D2-8724-00A0C9A8B90C}") = "AlphascanSetup", "AlphascanSetup\AlphascanSetup.vdproj", "{E2B54C40-7EA7-4CE1-A9EA-2C20FC32F3E4}"
EndProject
Global
	GlobalSection(SolutionConfigurationPlatforms) = preSolution
		Debug|Any CPU = Debug|Any CPU
		Release|Any CPU = Release|Any CPU
	EndGlobalSection
	GlobalSection(ProjectConfigurationPlatforms) = postSolution
		{ED2AB812-914D-4D9F-BA4F-4C844CECD078}.Debug|Any CPU.ActiveCfg = Debug|Any CPU
		{ED2AB812-914D-4D9F-BA4F-4C844CECD078}.Debug|Any CPU.Build.0 = Debug|Any CPU
		{ED2AB812-914D-4D9F-BA4F-4C844CECD078}.Release|Any CPU.ActiveCfg = Release|Any CPU
		{ED2AB812-914D-4D9F-BA4F-4C844CECD078}.Release|Any CPU.Build.0 = Release|Any CPU
		{E04FC5BC-C37E-4148-B141-F9865F64C86C}.Debug|Any CPU.ActiveCfg = Debug|Any CPU
		{E04FC5BC-C37E-4148-B141-F9865F64C86C}.Debug|Any CPU.Build.0 = Debug|Any CPU
		{E04FC5BC-C37E-4148-B141-F9865F64C86C}.Release|Any CPU.ActiveCfg = Release|Any CPU
		{E04FC5BC-C37E-4148-B141-F9865F64C86C}.Release|Any CPU.Build.0 = Release|Any CPU
		{E2B54C40-7EA7-4CE1-A9EA-2C20FC32F3E4}.Debug|Any CPU.ActiveCfg = Debug
		{E2B54C40-7EA7-4CE1-A9EA-2C20FC32F3E4}.Release|Any CPU.ActiveCfg = Release
	EndGlobalSection
	GlobalSection(SolutionProperties) = preSolution
		HideSolutionNode = FALSE
	EndGlobalSection
	GlobalSection(ExtensibilityGlobals) = postSolution
		SolutionGuid = {E4A02AB3-F0A3-4696-80E2-5A227D0FF140}
	EndGlobalSection
EndGlobal
