
Microsoft Visual Studio Solution File, Format Version 12.00
# Visual Studio Version 17
VisualStudioVersion = 17.0.31521.260
MinimumVisualStudioVersion = 10.0.40219.1
Project("{FAE04EC0-301F-11D3-BF4B-00C04F79EFBC}") = "AlphaScan", "AlphaScan\AlphaScan.csproj", "{B0B35607-027D-45AC-87FD-387E00B2439D}"
EndProject
Project("{2150E333-8FDC-42A3-9474-1A3956D46DE8}") = "Solution Items", "Solution Items", "{F765A37D-D430-4977-A386-2351F208FDFE}"
	ProjectSection(SolutionItems) = preProject
		..\Nedap Com\PermitZones.xml = ..\Nedap Com\PermitZones.xml
	EndProjectSection
EndProject
Project("{FAE04EC0-301F-11D3-BF4B-00C04F79EFBC}") = "AlphaCam", "AlphaCam\AlphaCam.csproj", "{139BB5EA-92B2-4F4B-BEF5-880EE3B968C9}"
EndProject
Project("{FAE04EC0-301F-11D3-BF4B-00C04F79EFBC}") = "Snapshot Maker", "..\..\..\..\Downloads\Samples\Video\Snapshot Maker\Snapshot Maker.csproj", "{779A59F0-BF3B-4AE5-B323-97D37CD67233}"
EndProject
Project("{FAE04EC0-301F-11D3-BF4B-00C04F79EFBC}") = "AlphaScanCam", "AlphaScanCam\AlphaScanCam.csproj", "{F9743EE2-6007-4811-881F-178658698640}"
EndProject
Global
	GlobalSection(SolutionConfigurationPlatforms) = preSolution
		Ad-Hoc|Any CPU = Ad-Hoc|Any CPU
		Ad-Hoc|iPhone = Ad-Hoc|iPhone
		Ad-Hoc|iPhoneSimulator = Ad-Hoc|iPhoneSimulator
		Ad-Hoc|x64 = Ad-Hoc|x64
		Ad-Hoc|x86 = Ad-Hoc|x86
		AppStore|Any CPU = AppStore|Any CPU
		AppStore|iPhone = AppStore|iPhone
		AppStore|iPhoneSimulator = AppStore|iPhoneSimulator
		AppStore|x64 = AppStore|x64
		AppStore|x86 = AppStore|x86
		Debug|Any CPU = Debug|Any CPU
		Debug|iPhone = Debug|iPhone
		Debug|iPhoneSimulator = Debug|iPhoneSimulator
		Debug|x64 = Debug|x64
		Debug|x86 = Debug|x86
		Release|Any CPU = Release|Any CPU
		Release|iPhone = Release|iPhone
		Release|iPhoneSimulator = Release|iPhoneSimulator
		Release|x64 = Release|x64
		Release|x86 = Release|x86
	EndGlobalSection
	GlobalSection(ProjectConfigurationPlatforms) = postSolution
		{B0B35607-027D-45AC-87FD-387E00B2439D}.Ad-Hoc|Any CPU.ActiveCfg = Release|Any CPU
		{B0B35607-027D-45AC-87FD-387E00B2439D}.Ad-Hoc|Any CPU.Build.0 = Release|Any CPU
		{B0B35607-027D-45AC-87FD-387E00B2439D}.Ad-Hoc|iPhone.ActiveCfg = Release|Any CPU
		{B0B35607-027D-45AC-87FD-387E00B2439D}.Ad-Hoc|iPhone.Build.0 = Release|Any CPU
		{B0B35607-027D-45AC-87FD-387E00B2439D}.Ad-Hoc|iPhoneSimulator.ActiveCfg = Release|Any CPU
		{B0B35607-027D-45AC-87FD-387E00B2439D}.Ad-Hoc|iPhoneSimulator.Build.0 = Release|Any CPU
		{B0B35607-027D-45AC-87FD-387E00B2439D}.Ad-Hoc|x64.ActiveCfg = Debug|x64
		{B0B35607-027D-45AC-87FD-387E00B2439D}.Ad-Hoc|x64.Build.0 = Debug|x64
		{B0B35607-027D-45AC-87FD-387E00B2439D}.Ad-Hoc|x86.ActiveCfg = Debug|x86
		{B0B35607-027D-45AC-87FD-387E00B2439D}.Ad-Hoc|x86.Build.0 = Debug|x86
		{B0B35607-027D-45AC-87FD-387E00B2439D}.AppStore|Any CPU.ActiveCfg = Release|Any CPU
		{B0B35607-027D-45AC-87FD-387E00B2439D}.AppStore|Any CPU.Build.0 = Release|Any CPU
		{B0B35607-027D-45AC-87FD-387E00B2439D}.AppStore|iPhone.ActiveCfg = Release|Any CPU
		{B0B35607-027D-45AC-87FD-387E00B2439D}.AppStore|iPhone.Build.0 = Release|Any CPU
		{B0B35607-027D-45AC-87FD-387E00B2439D}.AppStore|iPhoneSimulator.ActiveCfg = Release|Any CPU
		{B0B35607-027D-45AC-87FD-387E00B2439D}.AppStore|iPhoneSimulator.Build.0 = Release|Any CPU
		{B0B35607-027D-45AC-87FD-387E00B2439D}.AppStore|x64.ActiveCfg = Debug|x64
		{B0B35607-027D-45AC-87FD-387E00B2439D}.AppStore|x64.Build.0 = Debug|x64
		{B0B35607-027D-45AC-87FD-387E00B2439D}.AppStore|x86.ActiveCfg = Debug|x86
		{B0B35607-027D-45AC-87FD-387E00B2439D}.AppStore|x86.Build.0 = Debug|x86
		{B0B35607-027D-45AC-87FD-387E00B2439D}.Debug|Any CPU.ActiveCfg = Debug|Any CPU
		{B0B35607-027D-45AC-87FD-387E00B2439D}.Debug|Any CPU.Build.0 = Debug|Any CPU
		{B0B35607-027D-45AC-87FD-387E00B2439D}.Debug|Any CPU.Deploy.0 = Debug|Any CPU
		{B0B35607-027D-45AC-87FD-387E00B2439D}.Debug|iPhone.ActiveCfg = Debug|Any CPU
		{B0B35607-027D-45AC-87FD-387E00B2439D}.Debug|iPhone.Build.0 = Debug|Any CPU
		{B0B35607-027D-45AC-87FD-387E00B2439D}.Debug|iPhoneSimulator.ActiveCfg = Debug|Any CPU
		{B0B35607-027D-45AC-87FD-387E00B2439D}.Debug|iPhoneSimulator.Build.0 = Debug|Any CPU
		{B0B35607-027D-45AC-87FD-387E00B2439D}.Debug|x64.ActiveCfg = Debug|x64
		{B0B35607-027D-45AC-87FD-387E00B2439D}.Debug|x64.Build.0 = Debug|x64
		{B0B35607-027D-45AC-87FD-387E00B2439D}.Debug|x86.ActiveCfg = Debug|x86
		{B0B35607-027D-45AC-87FD-387E00B2439D}.Debug|x86.Build.0 = Debug|x86
		{B0B35607-027D-45AC-87FD-387E00B2439D}.Release|Any CPU.ActiveCfg = Release|Any CPU
		{B0B35607-027D-45AC-87FD-387E00B2439D}.Release|Any CPU.Build.0 = Release|Any CPU
		{B0B35607-027D-45AC-87FD-387E00B2439D}.Release|iPhone.ActiveCfg = Release|Any CPU
		{B0B35607-027D-45AC-87FD-387E00B2439D}.Release|iPhone.Build.0 = Release|Any CPU
		{B0B35607-027D-45AC-87FD-387E00B2439D}.Release|iPhoneSimulator.ActiveCfg = Release|Any CPU
		{B0B35607-027D-45AC-87FD-387E00B2439D}.Release|iPhoneSimulator.Build.0 = Release|Any CPU
		{B0B35607-027D-45AC-87FD-387E00B2439D}.Release|x64.ActiveCfg = Release|x64
		{B0B35607-027D-45AC-87FD-387E00B2439D}.Release|x64.Build.0 = Release|x64
		{B0B35607-027D-45AC-87FD-387E00B2439D}.Release|x86.ActiveCfg = Release|x86
		{B0B35607-027D-45AC-87FD-387E00B2439D}.Release|x86.Build.0 = Release|x86
		{139BB5EA-92B2-4F4B-BEF5-880EE3B968C9}.Ad-Hoc|Any CPU.ActiveCfg = Release|Any CPU
		{139BB5EA-92B2-4F4B-BEF5-880EE3B968C9}.Ad-Hoc|Any CPU.Build.0 = Release|Any CPU
		{139BB5EA-92B2-4F4B-BEF5-880EE3B968C9}.Ad-Hoc|iPhone.ActiveCfg = Release|Any CPU
		{139BB5EA-92B2-4F4B-BEF5-880EE3B968C9}.Ad-Hoc|iPhone.Build.0 = Release|Any CPU
		{139BB5EA-92B2-4F4B-BEF5-880EE3B968C9}.Ad-Hoc|iPhoneSimulator.ActiveCfg = Release|Any CPU
		{139BB5EA-92B2-4F4B-BEF5-880EE3B968C9}.Ad-Hoc|iPhoneSimulator.Build.0 = Release|Any CPU
		{139BB5EA-92B2-4F4B-BEF5-880EE3B968C9}.Ad-Hoc|x64.ActiveCfg = Debug|Any CPU
		{139BB5EA-92B2-4F4B-BEF5-880EE3B968C9}.Ad-Hoc|x86.ActiveCfg = Debug|Any CPU
		{139BB5EA-92B2-4F4B-BEF5-880EE3B968C9}.AppStore|Any CPU.ActiveCfg = Release|Any CPU
		{139BB5EA-92B2-4F4B-BEF5-880EE3B968C9}.AppStore|Any CPU.Build.0 = Release|Any CPU
		{139BB5EA-92B2-4F4B-BEF5-880EE3B968C9}.AppStore|iPhone.ActiveCfg = Release|Any CPU
		{139BB5EA-92B2-4F4B-BEF5-880EE3B968C9}.AppStore|iPhone.Build.0 = Release|Any CPU
		{139BB5EA-92B2-4F4B-BEF5-880EE3B968C9}.AppStore|iPhoneSimulator.ActiveCfg = Release|Any CPU
		{139BB5EA-92B2-4F4B-BEF5-880EE3B968C9}.AppStore|iPhoneSimulator.Build.0 = Release|Any CPU
		{139BB5EA-92B2-4F4B-BEF5-880EE3B968C9}.AppStore|x64.ActiveCfg = Debug|Any CPU
		{139BB5EA-92B2-4F4B-BEF5-880EE3B968C9}.AppStore|x86.ActiveCfg = Debug|Any CPU
		{139BB5EA-92B2-4F4B-BEF5-880EE3B968C9}.Debug|Any CPU.ActiveCfg = Debug|Any CPU
		{139BB5EA-92B2-4F4B-BEF5-880EE3B968C9}.Debug|Any CPU.Build.0 = Debug|Any CPU
		{139BB5EA-92B2-4F4B-BEF5-880EE3B968C9}.Debug|iPhone.ActiveCfg = Debug|Any CPU
		{139BB5EA-92B2-4F4B-BEF5-880EE3B968C9}.Debug|iPhone.Build.0 = Debug|Any CPU
		{139BB5EA-92B2-4F4B-BEF5-880EE3B968C9}.Debug|iPhoneSimulator.ActiveCfg = Debug|Any CPU
		{139BB5EA-92B2-4F4B-BEF5-880EE3B968C9}.Debug|iPhoneSimulator.Build.0 = Debug|Any CPU
		{139BB5EA-92B2-4F4B-BEF5-880EE3B968C9}.Debug|x64.ActiveCfg = Debug|Any CPU
		{139BB5EA-92B2-4F4B-BEF5-880EE3B968C9}.Debug|x86.ActiveCfg = Debug|Any CPU
		{139BB5EA-92B2-4F4B-BEF5-880EE3B968C9}.Release|Any CPU.ActiveCfg = Release|Any CPU
		{139BB5EA-92B2-4F4B-BEF5-880EE3B968C9}.Release|Any CPU.Build.0 = Release|Any CPU
		{139BB5EA-92B2-4F4B-BEF5-880EE3B968C9}.Release|iPhone.ActiveCfg = Release|Any CPU
		{139BB5EA-92B2-4F4B-BEF5-880EE3B968C9}.Release|iPhone.Build.0 = Release|Any CPU
		{139BB5EA-92B2-4F4B-BEF5-880EE3B968C9}.Release|iPhoneSimulator.ActiveCfg = Release|Any CPU
		{139BB5EA-92B2-4F4B-BEF5-880EE3B968C9}.Release|iPhoneSimulator.Build.0 = Release|Any CPU
		{139BB5EA-92B2-4F4B-BEF5-880EE3B968C9}.Release|x64.ActiveCfg = Release|Any CPU
		{139BB5EA-92B2-4F4B-BEF5-880EE3B968C9}.Release|x86.ActiveCfg = Release|Any CPU
		{779A59F0-BF3B-4AE5-B323-97D37CD67233}.Ad-Hoc|Any CPU.ActiveCfg = Release|Any CPU
		{779A59F0-BF3B-4AE5-B323-97D37CD67233}.Ad-Hoc|Any CPU.Build.0 = Release|Any CPU
		{779A59F0-BF3B-4AE5-B323-97D37CD67233}.Ad-Hoc|iPhone.ActiveCfg = Release|Any CPU
		{779A59F0-BF3B-4AE5-B323-97D37CD67233}.Ad-Hoc|iPhone.Build.0 = Release|Any CPU
		{779A59F0-BF3B-4AE5-B323-97D37CD67233}.Ad-Hoc|iPhoneSimulator.ActiveCfg = Release|Any CPU
		{779A59F0-BF3B-4AE5-B323-97D37CD67233}.Ad-Hoc|iPhoneSimulator.Build.0 = Release|Any CPU
		{779A59F0-BF3B-4AE5-B323-97D37CD67233}.Ad-Hoc|x64.ActiveCfg = Debug|Any CPU
		{779A59F0-BF3B-4AE5-B323-97D37CD67233}.Ad-Hoc|x86.ActiveCfg = Debug|Any CPU
		{779A59F0-BF3B-4AE5-B323-97D37CD67233}.AppStore|Any CPU.ActiveCfg = Release|Any CPU
		{779A59F0-BF3B-4AE5-B323-97D37CD67233}.AppStore|Any CPU.Build.0 = Release|Any CPU
		{779A59F0-BF3B-4AE5-B323-97D37CD67233}.AppStore|iPhone.ActiveCfg = Release|Any CPU
		{779A59F0-BF3B-4AE5-B323-97D37CD67233}.AppStore|iPhone.Build.0 = Release|Any CPU
		{779A59F0-BF3B-4AE5-B323-97D37CD67233}.AppStore|iPhoneSimulator.ActiveCfg = Release|Any CPU
		{779A59F0-BF3B-4AE5-B323-97D37CD67233}.AppStore|iPhoneSimulator.Build.0 = Release|Any CPU
		{779A59F0-BF3B-4AE5-B323-97D37CD67233}.AppStore|x64.ActiveCfg = Debug|Any CPU
		{779A59F0-BF3B-4AE5-B323-97D37CD67233}.AppStore|x86.ActiveCfg = Debug|Any CPU
		{779A59F0-BF3B-4AE5-B323-97D37CD67233}.Debug|Any CPU.ActiveCfg = Debug|Any CPU
		{779A59F0-BF3B-4AE5-B323-97D37CD67233}.Debug|Any CPU.Build.0 = Debug|Any CPU
		{779A59F0-BF3B-4AE5-B323-97D37CD67233}.Debug|iPhone.ActiveCfg = Debug|Any CPU
		{779A59F0-BF3B-4AE5-B323-97D37CD67233}.Debug|iPhone.Build.0 = Debug|Any CPU
		{779A59F0-BF3B-4AE5-B323-97D37CD67233}.Debug|iPhoneSimulator.ActiveCfg = Debug|Any CPU
		{779A59F0-BF3B-4AE5-B323-97D37CD67233}.Debug|iPhoneSimulator.Build.0 = Debug|Any CPU
		{779A59F0-BF3B-4AE5-B323-97D37CD67233}.Debug|x64.ActiveCfg = Debug|Any CPU
		{779A59F0-BF3B-4AE5-B323-97D37CD67233}.Debug|x86.ActiveCfg = Debug|Any CPU
		{779A59F0-BF3B-4AE5-B323-97D37CD67233}.Release|Any CPU.ActiveCfg = Release|Any CPU
		{779A59F0-BF3B-4AE5-B323-97D37CD67233}.Release|Any CPU.Build.0 = Release|Any CPU
		{779A59F0-BF3B-4AE5-B323-97D37CD67233}.Release|iPhone.ActiveCfg = Release|Any CPU
		{779A59F0-BF3B-4AE5-B323-97D37CD67233}.Release|iPhone.Build.0 = Release|Any CPU
		{779A59F0-BF3B-4AE5-B323-97D37CD67233}.Release|iPhoneSimulator.ActiveCfg = Release|Any CPU
		{779A59F0-BF3B-4AE5-B323-97D37CD67233}.Release|iPhoneSimulator.Build.0 = Release|Any CPU
		{779A59F0-BF3B-4AE5-B323-97D37CD67233}.Release|x64.ActiveCfg = Release|Any CPU
		{779A59F0-BF3B-4AE5-B323-97D37CD67233}.Release|x86.ActiveCfg = Release|Any CPU
		{F9743EE2-6007-4811-881F-178658698640}.Ad-Hoc|Any CPU.ActiveCfg = Release|Any CPU
		{F9743EE2-6007-4811-881F-178658698640}.Ad-Hoc|Any CPU.Build.0 = Release|Any CPU
		{F9743EE2-6007-4811-881F-178658698640}.Ad-Hoc|iPhone.ActiveCfg = Release|Any CPU
		{F9743EE2-6007-4811-881F-178658698640}.Ad-Hoc|iPhone.Build.0 = Release|Any CPU
		{F9743EE2-6007-4811-881F-178658698640}.Ad-Hoc|iPhoneSimulator.ActiveCfg = Release|Any CPU
		{F9743EE2-6007-4811-881F-178658698640}.Ad-Hoc|iPhoneSimulator.Build.0 = Release|Any CPU
		{F9743EE2-6007-4811-881F-178658698640}.Ad-Hoc|x64.ActiveCfg = Debug|Any CPU
		{F9743EE2-6007-4811-881F-178658698640}.Ad-Hoc|x86.ActiveCfg = Debug|Any CPU
		{F9743EE2-6007-4811-881F-178658698640}.AppStore|Any CPU.ActiveCfg = Release|Any CPU
		{F9743EE2-6007-4811-881F-178658698640}.AppStore|Any CPU.Build.0 = Release|Any CPU
		{F9743EE2-6007-4811-881F-178658698640}.AppStore|iPhone.ActiveCfg = Release|Any CPU
		{F9743EE2-6007-4811-881F-178658698640}.AppStore|iPhone.Build.0 = Release|Any CPU
		{F9743EE2-6007-4811-881F-178658698640}.AppStore|iPhoneSimulator.ActiveCfg = Release|Any CPU
		{F9743EE2-6007-4811-881F-178658698640}.AppStore|iPhoneSimulator.Build.0 = Release|Any CPU
		{F9743EE2-6007-4811-881F-178658698640}.AppStore|x64.ActiveCfg = Debug|Any CPU
		{F9743EE2-6007-4811-881F-178658698640}.AppStore|x86.ActiveCfg = Debug|Any CPU
		{F9743EE2-6007-4811-881F-178658698640}.Debug|Any CPU.ActiveCfg = Debug|Any CPU
		{F9743EE2-6007-4811-881F-178658698640}.Debug|Any CPU.Build.0 = Debug|Any CPU
		{F9743EE2-6007-4811-881F-178658698640}.Debug|iPhone.ActiveCfg = Debug|Any CPU
		{F9743EE2-6007-4811-881F-178658698640}.Debug|iPhone.Build.0 = Debug|Any CPU
		{F9743EE2-6007-4811-881F-178658698640}.Debug|iPhoneSimulator.ActiveCfg = Debug|Any CPU
		{F9743EE2-6007-4811-881F-178658698640}.Debug|iPhoneSimulator.Build.0 = Debug|Any CPU
		{F9743EE2-6007-4811-881F-178658698640}.Debug|x64.ActiveCfg = Debug|Any CPU
		{F9743EE2-6007-4811-881F-178658698640}.Debug|x86.ActiveCfg = Debug|Any CPU
		{F9743EE2-6007-4811-881F-178658698640}.Release|Any CPU.ActiveCfg = Release|Any CPU
		{F9743EE2-6007-4811-881F-178658698640}.Release|Any CPU.Build.0 = Release|Any CPU
		{F9743EE2-6007-4811-881F-178658698640}.Release|iPhone.ActiveCfg = Release|Any CPU
		{F9743EE2-6007-4811-881F-178658698640}.Release|iPhone.Build.0 = Release|Any CPU
		{F9743EE2-6007-4811-881F-178658698640}.Release|iPhoneSimulator.ActiveCfg = Release|Any CPU
		{F9743EE2-6007-4811-881F-178658698640}.Release|iPhoneSimulator.Build.0 = Release|Any CPU
		{F9743EE2-6007-4811-881F-178658698640}.Release|x64.ActiveCfg = Release|Any CPU
		{F9743EE2-6007-4811-881F-178658698640}.Release|x86.ActiveCfg = Release|Any CPU
	EndGlobalSection
	GlobalSection(SolutionProperties) = preSolution
		HideSolutionNode = FALSE
	EndGlobalSection
	GlobalSection(ExtensibilityGlobals) = postSolution
		SolutionGuid = {34B98000-8CC5-4F62-927E-9437CB862753}
	EndGlobalSection
EndGlobal
